// !$*UTF8*$!
{
	archiveVersion = 1;
	classes = {
	};
	objectVersion = 55;
	objects = {

/* Begin PBXAggregateTarget section */
		3FA32472284FF9CB00BDF5A2 /* Staple dmg */ = {
			isa = PBXAggregateTarget;
			buildConfigurationList = 3FA32475284FF9CB00BDF5A2 /* Build configuration list for PBXAggregateTarget "Staple dmg" */;
			buildPhases = (
			);
			dependencies = (
				3FA32483285003A400BDF5A2 /* PBXTargetDependency */,
			);
			name = "Staple dmg";
			productName = Notarize;
		};
		3FA3247C285002AD00BDF5A2 /* Notarize dmg */ = {
			isa = PBXAggregateTarget;
			buildConfigurationList = 3FA3247D285002AD00BDF5A2 /* Build configuration list for PBXAggregateTarget "Notarize dmg" */;
			buildPhases = (
			);
			dependencies = (
				3FA324812850039C00BDF5A2 /* PBXTargetDependency */,
			);
			name = "Notarize dmg";
			productName = blah;
		};
/* End PBXAggregateTarget section */

/* Begin PBXBuildFile section */
		3FC0FECA284E8B78007AC590 /* pdfwriter.c in Sources */ = {isa = PBXBuildFile; fileRef = FC0519E512219BAF00DCCB1B /* pdfwriter.c */; };
		3FC0FEDB284E8CA3007AC590 /* PDFwriter.ppd in Resources */ = {isa = PBXBuildFile; fileRef = FC0519E912219C1100DCCB1B /* PDFwriter.ppd */; };
		3FC0FEDC284E8CA8007AC590 /* uninstall.sh in Resources */ = {isa = PBXBuildFile; fileRef = 3EE9D0F3122C5BFA007D056F /* uninstall.sh */; };
		3FC0FEDE284E8CBB007AC590 /* pdfwriter in CopyFiles */ = {isa = PBXBuildFile; fileRef = 3FC0FEC3284E8AF6007AC590 /* pdfwriter */; settings = {ATTRIBUTES = (CodeSignOnCopy, ); }; };
/* End PBXBuildFile section */

/* Begin PBXContainerItemProxy section */
		3FA324802850039C00BDF5A2 /* PBXContainerItemProxy */ = {
			isa = PBXContainerItemProxy;
			containerPortal = 08FB7793FE84155DC02AAC07 /* Project object */;
			proxyType = 1;
			remoteGlobalIDString = 3FC0FED6284E8C78007AC590;
			remoteInfo = "Build dmg";
		};
		3FA32482285003A400BDF5A2 /* PBXContainerItemProxy */ = {
			isa = PBXContainerItemProxy;
			containerPortal = 08FB7793FE84155DC02AAC07 /* Project object */;
			proxyType = 1;
			remoteGlobalIDString = 3FA3247C285002AD00BDF5A2;
			remoteInfo = "Notarize dmg";
		};
		3FC0FEDF284E8CC1007AC590 /* PBXContainerItemProxy */ = {
			isa = PBXContainerItemProxy;
			containerPortal = 08FB7793FE84155DC02AAC07 /* Project object */;
			proxyType = 1;
			remoteGlobalIDString = 3FC0FEC2284E8AF6007AC590;
			remoteInfo = pdfwriter;
		};
/* End PBXContainerItemProxy section */

/* Begin PBXCopyFilesBuildPhase section */
		3FC0FEDD284E8CAF007AC590 /* CopyFiles */ = {
			isa = PBXCopyFilesBuildPhase;
			buildActionMask = 2147483647;
			dstPath = "";
			dstSubfolderSpec = 6;
			files = (
				3FC0FEDE284E8CBB007AC590 /* pdfwriter in CopyFiles */,
			);
			runOnlyForDeploymentPostprocessing = 0;
		};
/* End PBXCopyFilesBuildPhase section */

/* Begin PBXFileReference section */
		3EE84DEC1225D32400FF5AAA /* COPYING */ = {isa = PBXFileReference; fileEncoding = 4; lastKnownFileType = text; path = COPYING; sourceTree = "<group>"; };
		3EE9D0E9122C4A90007D056F /* postinstall.sh */ = {isa = PBXFileReference; fileEncoding = 4; lastKnownFileType = text.script.sh; path = postinstall.sh; sourceTree = "<group>"; };
		3EE9D0F3122C5BFA007D056F /* uninstall.sh */ = {isa = PBXFileReference; fileEncoding = 4; lastKnownFileType = text.script.sh; path = uninstall.sh; sourceTree = "<group>"; };
		3FC0FEC3284E8AF6007AC590 /* pdfwriter */ = {isa = PBXFileReference; explicitFileType = "compiled.mach-o.executable"; includeInIndex = 0; path = pdfwriter; sourceTree = BUILT_PRODUCTS_DIR; };
		3FC0FED7284E8C78007AC590 /* pdfwriter.bundle */ = {isa = PBXFileReference; explicitFileType = wrapper.cfbundle; includeInIndex = 0; path = pdfwriter.bundle; sourceTree = BUILT_PRODUCTS_DIR; };
		FC0519E512219BAF00DCCB1B /* pdfwriter.c */ = {isa = PBXFileReference; fileEncoding = 4; lastKnownFileType = sourcecode.c.c; path = pdfwriter.c; sourceTree = "<group>"; };
		FC0519E712219BC000DCCB1B /* pdfwriter.h */ = {isa = PBXFileReference; fileEncoding = 4; lastKnownFileType = sourcecode.c.h; path = pdfwriter.h; sourceTree = "<group>"; };
		FC0519E912219C1100DCCB1B /* PDFwriter.ppd */ = {isa = PBXFileReference; fileEncoding = 4; lastKnownFileType = text; path = PDFwriter.ppd; sourceTree = "<group>"; };
/* End PBXFileReference section */

/* Begin PBXFrameworksBuildPhase section */
		3FC0FEC0284E8AF6007AC590 /* Frameworks */ = {
			isa = PBXFrameworksBuildPhase;
			buildActionMask = 2147483647;
			files = (
			);
			runOnlyForDeploymentPostprocessing = 0;
		};
		3FC0FED4284E8C78007AC590 /* Frameworks */ = {
			isa = PBXFrameworksBuildPhase;
			buildActionMask = 2147483647;
			files = (
			);
			runOnlyForDeploymentPostprocessing = 0;
		};
/* End PBXFrameworksBuildPhase section */

/* Begin PBXGroup section */
		08FB7794FE84155DC02AAC07 /* pdfwriter */ = {
			isa = PBXGroup;
			children = (
				08FB7795FE84155DC02AAC07 /* Source */,
				FC0519E812219BF900DCCB1B /* extra */,
				C6A0FF2B0290797F04C91782 /* Documentation */,
				1AB674ADFE9D54B511CA2CBB /* Products */,
			);
			name = pdfwriter;
			sourceTree = "<group>";
		};
		08FB7795FE84155DC02AAC07 /* Source */ = {
			isa = PBXGroup;
			children = (
				FC0519E712219BC000DCCB1B /* pdfwriter.h */,
				FC0519E512219BAF00DCCB1B /* pdfwriter.c */,
				3EE9D0E9122C4A90007D056F /* postinstall.sh */,
				3EE9D0F3122C5BFA007D056F /* uninstall.sh */,
			);
			name = Source;
			sourceTree = "<group>";
		};
		1AB674ADFE9D54B511CA2CBB /* Products */ = {
			isa = PBXGroup;
			children = (
				3FC0FEC3284E8AF6007AC590 /* pdfwriter */,
				3FC0FED7284E8C78007AC590 /* pdfwriter.bundle */,
			);
			name = Products;
			sourceTree = "<group>";
		};
		C6A0FF2B0290797F04C91782 /* Documentation */ = {
			isa = PBXGroup;
			children = (
				3EE84DEC1225D32400FF5AAA /* COPYING */,
			);
			name = Documentation;
			sourceTree = "<group>";
		};
		FC0519E812219BF900DCCB1B /* extra */ = {
			isa = PBXGroup;
			children = (
				FC0519E912219C1100DCCB1B /* PDFwriter.ppd */,
			);
			name = extra;
			sourceTree = "<group>";
		};
/* End PBXGroup section */

/* Begin PBXNativeTarget section */
		3FC0FEC2284E8AF6007AC590 /* pdfwriter */ = {
			isa = PBXNativeTarget;
			buildConfigurationList = 3FC0FEC7284E8AF6007AC590 /* Build configuration list for PBXNativeTarget "pdfwriter" */;
			buildPhases = (
				3FC0FEBF284E8AF6007AC590 /* Sources */,
				3FC0FEC0284E8AF6007AC590 /* Frameworks */,
			);
			buildRules = (
			);
			dependencies = (
			);
			name = pdfwriter;
			productName = pdfwriter;
			productReference = 3FC0FEC3284E8AF6007AC590 /* pdfwriter */;
			productType = "com.apple.product-type.tool";
		};
		3FC0FED6284E8C78007AC590 /* Build dmg */ = {
			isa = PBXNativeTarget;
			buildConfigurationList = 3FC0FED8284E8C78007AC590 /* Build configuration list for PBXNativeTarget "Build dmg" */;
			buildPhases = (
				3FC0FED3284E8C78007AC590 /* Sources */,
				3FC0FED4284E8C78007AC590 /* Frameworks */,
				3FC0FED5284E8C78007AC590 /* Resources */,
				3FC0FEDD284E8CAF007AC590 /* CopyFiles */,
				3FF31560284FD97D00E2F07E /* ShellScript */,
			);
			buildRules = (
			);
			dependencies = (
				3FC0FEE0284E8CC1007AC590 /* PBXTargetDependency */,
			);
			name = "Build dmg";
			productName = PDFwriter;
			productReference = 3FC0FED7284E8C78007AC590 /* pdfwriter.bundle */;
			productType = "com.apple.product-type.bundle";
		};
/* End PBXNativeTarget section */

/* Begin PBXProject section */
		08FB7793FE84155DC02AAC07 /* Project object */ = {
			isa = PBXProject;
			attributes = {
				LastUpgradeCheck = 1340;
				ORGANIZATIONNAME = "Simone Karin Lehmann";
				TargetAttributes = {
					3FA32472284FF9CB00BDF5A2 = {
						CreatedOnToolsVersion = 13.4.1;
					};
					3FA3247C285002AD00BDF5A2 = {
						CreatedOnToolsVersion = 13.4.1;
					};
					3FC0FEC2284E8AF6007AC590 = {
						CreatedOnToolsVersion = 13.4.1;
					};
					3FC0FED6284E8C78007AC590 = {
						CreatedOnToolsVersion = 13.4.1;
					};
				};
			};
			buildConfigurationList = 1DEB928908733DD80010E9CD /* Build configuration list for PBXProject "pdfwriter" */;
			compatibilityVersion = "Xcode 13.0";
			developmentRegion = English;
			hasScannedForEncodings = 1;
			knownRegions = (
				English,
				Japanese,
				French,
				German,
			);
			mainGroup = 08FB7794FE84155DC02AAC07 /* pdfwriter */;
			projectDirPath = "";
			projectRoot = "";
			targets = (
				3FC0FEC2284E8AF6007AC590 /* pdfwriter */,
				3FC0FED6284E8C78007AC590 /* Build dmg */,
				3FA3247C285002AD00BDF5A2 /* Notarize dmg */,
				3FA32472284FF9CB00BDF5A2 /* Staple dmg */,
			);
		};
/* End PBXProject section */

/* Begin PBXResourcesBuildPhase section */
		3FC0FED5284E8C78007AC590 /* Resources */ = {
			isa = PBXResourcesBuildPhase;
			buildActionMask = 2147483647;
			files = (
				3FC0FEDC284E8CA8007AC590 /* uninstall.sh in Resources */,
				3FC0FEDB284E8CA3007AC590 /* PDFwriter.ppd in Resources */,
			);
			runOnlyForDeploymentPostprocessing = 0;
		};
/* End PBXResourcesBuildPhase section */

/* Begin PBXShellScriptBuildPhase section */
		3FF31560284FD97D00E2F07E /* ShellScript */ = {
			isa = PBXShellScriptBuildPhase;
			buildActionMask = 8;
			files = (
			);
			inputFileListPaths = (
			);
			inputPaths = (
			);
			outputFileListPaths = (
			);
			outputPaths = (
			);
			runOnlyForDeploymentPostprocessing = 1;
			shellPath = /bin/sh;
			shellScript = "set -e\n\nif [ -z \"$SOURCE_ROOT\" -o ! -d \"$SOURCE_ROOT\" ] ; then\n    echo \"The SOURCE_ROOT environment variable is not set or is set to a non-existant directory\" >&2\n    exit 1;\nfi\n\nif [ -z \"$TARGET_BUILD_DIR\" -o ! -d \"$TARGET_BUILD_DIR\" ] ; then\n    echo \"The TARGET_BUILD_DIR environment variable is not set or is set to a non-existant directory\" >&2\n    exit 1\nfi\n\nif [ -z \"$EXECUTABLE_PATH\" -o ! -f \"$TARGET_BUILD_DIR/$EXECUTABLE_PATH\" ] ; then\n    echo \"The EXECUTABLE_PATH environment variable is not set or is set to a non-existant file\" >&2\n    exit 1\nfi\n\nif [ -z \"$UNLOCALIZED_RESOURCES_FOLDER_PATH\" -o ! -d \"$TARGET_BUILD_DIR/$UNLOCALIZED_RESOURCES_FOLDER_PATH\" ] ; then\n    echo \"The UNLOCALIZED_RESOURCES_FOLDER_PATH environment variable is not set or is set to a non-existant directory\" >&2\n    exit 1;\nfi\n\nif [ -z \"$CODESIGNING_FOLDER_PATH\" -o ! -d \"$CODESIGNING_FOLDER_PATH\" ] ; then\n    echo \"The CODESIGNING_FOLDER_PATH environment variable is not set or is set to a non-existant directory\" >&2\n    exit 1;\nfi\n\nif [ -z \"$EXPANDED_CODE_SIGN_IDENTITY_NAME\" ] ; then\n    echo \"The EXPANDED_CODE_SIGN_IDENTITY_NAME environment variable is not set\" >&2\n    exit 1;\nfi\n\nif [ -z \"$USER\" ] ; then\n    echo \"The USER environment variable is not set\" >&2\n    exit 1;\nfi\n\nif [ -z \"$GROUP\" ] ; then\n    echo \"The GROUP environment variable is not set\" >&2\n    exit 1;\nfi\n\n# Set a non-restrictive umask\numask 022\n\n# Create build directories\ncodesigning_bundle_dir=`dirname \"$CODESIGNING_FOLDER_PATH\"`\ncodesigning_bundle_name=`basename \"$CODESIGNING_FOLDER_PATH\"`\nrenamed_bundle_name=PDFwriter\narchive_build_dir=\"$TARGET_BUILD_DIR/$codesigning_bundle_name.archive\"\nlisanet_archive_build_dir=\"$archive_build_dir/Library/Printers/Lisanet\"\nppd_archive_build_dir=\"$archive_build_dir/Library/Printers/PPDs/Contents/Resources\"\nshared_user_archive_build_dir=\"$archive_build_dir/Users/Shared\"\ncups_backend_build_dir=\"$archive_build_dir/usr/libexec/cups/backend\"\nrm -Rf \"$archive_build_dir\"\nmkdir -p \"$lisanet_archive_build_dir\"\nmkdir -p \"$ppd_archive_build_dir\"\nmkdir -p \"$shared_user_archive_build_dir\"\nmkdir -p \"$cups_backend_build_dir\"\n\n# Copy and rename the bundle\nrenamed_bundle_name=\"PDFwriter\"\nrenamed_executable_path=`echo \"$EXECUTABLE_PATH\" | sed \"s#^$codesigning_bundle_name/#$renamed_bundle_name/#\"`\nrenamed_unlocalized_resources_folder_path=`echo \"$UNLOCALIZED_RESOURCES_FOLDER_PATH\" | sed \"s#^$codesigning_bundle_name/#$renamed_bundle_name/#\"`\n( cd \"$codesigning_bundle_dir\" && tar cf - \"$codesigning_bundle_name\" ) | ( cd \"$lisanet_archive_build_dir\" && tar xvf - )\nmv \"$lisanet_archive_build_dir/$codesigning_bundle_name\" \"$lisanet_archive_build_dir/$renamed_bundle_name\"\nxattr -rcs \"$lisanet_archive_build_dir\"\nln -s \"/Library/Printers/Lisanet/$renamed_unlocalized_resources_folder_path/PDFwriter.ppd\" \"$ppd_archive_build_dir/PDFwriter.ppd\"\nln -s \"/var/spool/pdfwriter\" \"$shared_user_archive_build_dir/PDFwriter\"\nln -s \"/Library/Printers/Lisanet/$renamed_executable_path\" \"$cups_backend_build_dir/pdfwriter\"\n\n# Set permissions required by cups\nfind \"$archive_build_dir\" -type d -exec chmod 755 {} \\;\nfind \"$archive_build_dir\" -type f -exec chmod 644 {} \\;\nfind \"$archive_build_dir\" -type l -exec chmod -h 644 {} \\;\nchmod 700 \"$lisanet_archive_build_dir/$renamed_executable_path\"\nchmod 750 \"$lisanet_archive_build_dir/$renamed_unlocalized_resources_folder_path/uninstall.sh\"\n\n# Codesign copied bundle\ncodesign --force --timestamp --options runtime -s \"$EXPANDED_CODE_SIGN_IDENTITY_NAME\" \"$lisanet_archive_build_dir/$renamed_bundle_name\"\ncodesign --verify --deep --strict \"$lisanet_archive_build_dir/$renamed_bundle_name\"\n\n# Run the script that creates the installer's Bom and Payload files. This script must be run as root as we need all of the files and directories within the Bom and Payload files to be chown'd to root.\nexport ARCHIVE_BUILD_DIR=\"$archive_build_dir\"\nosascript -e 'do shell script \"sudo bash \\\"$SOURCE_ROOT/createarchivefilesforinstaller.sh\\\" \\\"$TARGET_BUILD_DIR\\\" \\\"$ARCHIVE_BUILD_DIR\\\" \\\"$USER\\\" \\\"$GROUP\\\"\" with administrator privileges'\n\nexit 0\n";
		};
/* End PBXShellScriptBuildPhase section */

/* Begin PBXSourcesBuildPhase section */
		3FC0FEBF284E8AF6007AC590 /* Sources */ = {
			isa = PBXSourcesBuildPhase;
			buildActionMask = 2147483647;
			files = (
				3FC0FECA284E8B78007AC590 /* pdfwriter.c in Sources */,
			);
			runOnlyForDeploymentPostprocessing = 0;
		};
		3FC0FED3284E8C78007AC590 /* Sources */ = {
			isa = PBXSourcesBuildPhase;
			buildActionMask = 2147483647;
			files = (
			);
			runOnlyForDeploymentPostprocessing = 0;
		};
/* End PBXSourcesBuildPhase section */

/* Begin PBXTargetDependency section */
		3FA324812850039C00BDF5A2 /* PBXTargetDependency */ = {
			isa = PBXTargetDependency;
			target = 3FC0FED6284E8C78007AC590 /* Build dmg */;
			targetProxy = 3FA324802850039C00BDF5A2 /* PBXContainerItemProxy */;
		};
		3FA32483285003A400BDF5A2 /* PBXTargetDependency */ = {
			isa = PBXTargetDependency;
			target = 3FA3247C285002AD00BDF5A2 /* Notarize dmg */;
			targetProxy = 3FA32482285003A400BDF5A2 /* PBXContainerItemProxy */;
		};
		3FC0FEE0284E8CC1007AC590 /* PBXTargetDependency */ = {
			isa = PBXTargetDependency;
			target = 3FC0FEC2284E8AF6007AC590 /* pdfwriter */;
			targetProxy = 3FC0FEDF284E8CC1007AC590 /* PBXContainerItemProxy */;
		};
/* End PBXTargetDependency section */

/* Begin XCBuildConfiguration section */
		1DEB928A08733DD80010E9CD /* Debug */ = {
			isa = XCBuildConfiguration;
			buildSettings = {
				CLANG_ANALYZER_LOCALIZABILITY_NONLOCALIZED = YES;
				CLANG_WARN_BLOCK_CAPTURE_AUTORELEASING = YES;
				CLANG_WARN_BOOL_CONVERSION = YES;
				CLANG_WARN_COMMA = YES;
				CLANG_WARN_CONSTANT_CONVERSION = YES;
				CLANG_WARN_DEPRECATED_OBJC_IMPLEMENTATIONS = YES;
				CLANG_WARN_EMPTY_BODY = YES;
				CLANG_WARN_ENUM_CONVERSION = YES;
				CLANG_WARN_INFINITE_RECURSION = YES;
				CLANG_WARN_INT_CONVERSION = YES;
				CLANG_WARN_NON_LITERAL_NULL_CONVERSION = YES;
				CLANG_WARN_OBJC_IMPLICIT_RETAIN_SELF = YES;
				CLANG_WARN_OBJC_LITERAL_CONVERSION = YES;
				CLANG_WARN_QUOTED_INCLUDE_IN_FRAMEWORK_HEADER = YES;
				CLANG_WARN_RANGE_LOOP_ANALYSIS = YES;
				CLANG_WARN_STRICT_PROTOTYPES = YES;
				CLANG_WARN_SUSPICIOUS_MOVE = YES;
				CLANG_WARN_UNREACHABLE_CODE = YES;
				CLANG_WARN__DUPLICATE_METHOD_MATCH = YES;
				CODE_SIGN_IDENTITY = "Developer ID Application";
				CODE_SIGN_STYLE = Manual;
				DEVELOPMENT_TEAM = 8V953UDD5Q;
				ENABLE_STRICT_OBJC_MSGSEND = YES;
				ENABLE_TESTABILITY = YES;
				GCC_C_LANGUAGE_STANDARD = gnu99;
				GCC_NO_COMMON_BLOCKS = YES;
				GCC_OPTIMIZATION_LEVEL = 0;
				GCC_PREPROCESSOR_DEFINITIONS = "LOGTYPE=7";
				GCC_WARN_64_TO_32_BIT_CONVERSION = YES;
				GCC_WARN_ABOUT_RETURN_TYPE = YES;
				GCC_WARN_UNDECLARED_SELECTOR = YES;
				GCC_WARN_UNINITIALIZED_AUTOS = YES;
				GCC_WARN_UNUSED_FUNCTION = YES;
				GCC_WARN_UNUSED_VARIABLE = YES;
				MACOSX_DEPLOYMENT_TARGET = 10.9;
				ONLY_ACTIVE_ARCH = YES;
				SDKROOT = macosx;
				SKIP_INSTALL = YES;
				VALID_ARCHS = "x86_64 arm64";
			};
			name = Debug;
		};
		1DEB928B08733DD80010E9CD /* Release */ = {
			isa = XCBuildConfiguration;
			buildSettings = {
				CLANG_ANALYZER_LOCALIZABILITY_NONLOCALIZED = YES;
				CLANG_WARN_BLOCK_CAPTURE_AUTORELEASING = YES;
				CLANG_WARN_BOOL_CONVERSION = YES;
				CLANG_WARN_COMMA = YES;
				CLANG_WARN_CONSTANT_CONVERSION = YES;
				CLANG_WARN_DEPRECATED_OBJC_IMPLEMENTATIONS = YES;
				CLANG_WARN_EMPTY_BODY = YES;
				CLANG_WARN_ENUM_CONVERSION = YES;
				CLANG_WARN_INFINITE_RECURSION = YES;
				CLANG_WARN_INT_CONVERSION = YES;
				CLANG_WARN_NON_LITERAL_NULL_CONVERSION = YES;
				CLANG_WARN_OBJC_IMPLICIT_RETAIN_SELF = YES;
				CLANG_WARN_OBJC_LITERAL_CONVERSION = YES;
				CLANG_WARN_QUOTED_INCLUDE_IN_FRAMEWORK_HEADER = YES;
				CLANG_WARN_RANGE_LOOP_ANALYSIS = YES;
				CLANG_WARN_STRICT_PROTOTYPES = YES;
				CLANG_WARN_SUSPICIOUS_MOVE = YES;
				CLANG_WARN_UNREACHABLE_CODE = YES;
				CLANG_WARN__DUPLICATE_METHOD_MATCH = YES;
				CODE_SIGN_IDENTITY = "Developer ID Application";
				CODE_SIGN_STYLE = Manual;
				DEVELOPMENT_TEAM = 8V953UDD5Q;
				ENABLE_STRICT_OBJC_MSGSEND = YES;
				GCC_C_LANGUAGE_STANDARD = gnu99;
				GCC_NO_COMMON_BLOCKS = YES;
				GCC_WARN_64_TO_32_BIT_CONVERSION = YES;
				GCC_WARN_ABOUT_RETURN_TYPE = YES;
				GCC_WARN_UNDECLARED_SELECTOR = YES;
				GCC_WARN_UNINITIALIZED_AUTOS = YES;
				GCC_WARN_UNUSED_FUNCTION = YES;
				GCC_WARN_UNUSED_VARIABLE = YES;
				MACOSX_DEPLOYMENT_TARGET = 10.9;
				SDKROOT = macosx;
				SKIP_INSTALL = YES;
				VALID_ARCHS = "x86_64 arm64";
			};
			name = Release;
		};
		3FA32473284FF9CB00BDF5A2 /* Debug */ = {
			isa = XCBuildConfiguration;
			buildSettings = {
				CODE_SIGN_IDENTITY = "Developer ID Installer: Planamesa Inc (8V953UDD5Q)";
				CODE_SIGN_STYLE = Manual;
				COPY_PHASE_STRIP = NO;
				DEVELOPMENT_TEAM = 8V953UDD5Q;
				INSTALL_GROUP = "$(GROUP)";
				INSTALL_OWNER = "$(USER)";
				INSTALL_PATH = "";
				PRODUCT_NAME = "$(TARGET_NAME)";
				SKIP_INSTALL = NO;
				STRIP_INSTALLED_PRODUCT = NO;
				STRIP_SWIFT_SYMBOLS = YES;
			};
			name = Debug;
		};
		3FA32474284FF9CB00BDF5A2 /* Release */ = {
			isa = XCBuildConfiguration;
			buildSettings = {
				CODE_SIGN_IDENTITY = "Developer ID Installer: Planamesa Inc (8V953UDD5Q)";
				CODE_SIGN_STYLE = Manual;
				COPY_PHASE_STRIP = NO;
				DEVELOPMENT_TEAM = 8V953UDD5Q;
				INSTALL_GROUP = "$(GROUP)";
				INSTALL_OWNER = "$(USER)";
				INSTALL_PATH = "";
				PRODUCT_NAME = "$(TARGET_NAME)";
				SKIP_INSTALL = NO;
				STRIP_INSTALLED_PRODUCT = NO;
				STRIP_SWIFT_SYMBOLS = YES;
			};
			name = Release;
		};
		3FA3247E285002AD00BDF5A2 /* Debug */ = {
			isa = XCBuildConfiguration;
			buildSettings = {
				CODE_SIGN_STYLE = Manual;
				COPY_PHASE_STRIP = NO;
				DEVELOPMENT_TEAM = 8V953UDD5Q;
				INSTALL_GROUP = "$(GROUP)";
				INSTALL_OWNER = "$(USER)";
				PRODUCT_NAME = "$(TARGET_NAME)";
				STRIP_INSTALLED_PRODUCT = NO;
			};
			name = Debug;
		};
		3FA3247F285002AD00BDF5A2 /* Release */ = {
			isa = XCBuildConfiguration;
			buildSettings = {
				CODE_SIGN_STYLE = Manual;
				COPY_PHASE_STRIP = NO;
				DEVELOPMENT_TEAM = 8V953UDD5Q;
				INSTALL_GROUP = "$(GROUP)";
				INSTALL_OWNER = "$(USER)";
				PRODUCT_NAME = "$(TARGET_NAME)";
				STRIP_INSTALLED_PRODUCT = NO;
			};
			name = Release;
		};
		3FC0FEC8284E8AF6007AC590 /* Debug */ = {
			isa = XCBuildConfiguration;
			buildSettings = {
				ALWAYS_SEARCH_USER_PATHS = NO;
				CLANG_ANALYZER_NONNULL = YES;
				CLANG_ANALYZER_NUMBER_OBJECT_CONVERSION = YES_AGGRESSIVE;
				CLANG_CXX_LANGUAGE_STANDARD = "gnu++17";
				CLANG_ENABLE_MODULES = YES;
				CLANG_ENABLE_OBJC_ARC = YES;
				CLANG_ENABLE_OBJC_WEAK = YES;
				CLANG_WARN_DIRECT_OBJC_ISA_USAGE = YES_ERROR;
				CLANG_WARN_DOCUMENTATION_COMMENTS = YES;
				CLANG_WARN_OBJC_ROOT_CLASS = YES_ERROR;
				CLANG_WARN_UNGUARDED_AVAILABILITY = YES_AGGRESSIVE;
				CODE_SIGN_STYLE = Manual;
				COPY_PHASE_STRIP = NO;
				DEBUG_INFORMATION_FORMAT = dwarf;
				DEVELOPMENT_TEAM = 8V953UDD5Q;
				ENABLE_HARDENED_RUNTIME = YES;
				GCC_C_LANGUAGE_STANDARD = gnu11;
				GCC_DYNAMIC_NO_PIC = NO;
				GCC_PREPROCESSOR_DEFINITIONS = (
					"DEBUG=1",
					"$(inherited)",
				);
				GCC_WARN_ABOUT_RETURN_TYPE = YES_ERROR;
				GCC_WARN_UNINITIALIZED_AUTOS = YES_AGGRESSIVE;
				INSTALL_PATH = "";
				MACOSX_DEPLOYMENT_TARGET = 10.9;
				MTL_ENABLE_DEBUG_INFO = INCLUDE_SOURCE;
				MTL_FAST_MATH = YES;
				PRODUCT_NAME = "$(TARGET_NAME)";
				PROVISIONING_PROFILE_SPECIFIER = "";
				SKIP_INSTALL = YES;
			};
			name = Debug;
		};
		3FC0FEC9284E8AF6007AC590 /* Release */ = {
			isa = XCBuildConfiguration;
			buildSettings = {
				ALWAYS_SEARCH_USER_PATHS = NO;
				CLANG_ANALYZER_NONNULL = YES;
				CLANG_ANALYZER_NUMBER_OBJECT_CONVERSION = YES_AGGRESSIVE;
				CLANG_CXX_LANGUAGE_STANDARD = "gnu++17";
				CLANG_ENABLE_MODULES = YES;
				CLANG_ENABLE_OBJC_ARC = YES;
				CLANG_ENABLE_OBJC_WEAK = YES;
				CLANG_WARN_DIRECT_OBJC_ISA_USAGE = YES_ERROR;
				CLANG_WARN_DOCUMENTATION_COMMENTS = YES;
				CLANG_WARN_OBJC_ROOT_CLASS = YES_ERROR;
				CLANG_WARN_UNGUARDED_AVAILABILITY = YES_AGGRESSIVE;
				CODE_SIGN_STYLE = Manual;
				COPY_PHASE_STRIP = NO;
				DEBUG_INFORMATION_FORMAT = "dwarf-with-dsym";
				DEVELOPMENT_TEAM = 8V953UDD5Q;
				ENABLE_HARDENED_RUNTIME = YES;
				ENABLE_NS_ASSERTIONS = NO;
				GCC_C_LANGUAGE_STANDARD = gnu11;
				GCC_WARN_ABOUT_RETURN_TYPE = YES_ERROR;
				GCC_WARN_UNINITIALIZED_AUTOS = YES_AGGRESSIVE;
				INSTALL_PATH = "";
				MACOSX_DEPLOYMENT_TARGET = 10.9;
				MTL_ENABLE_DEBUG_INFO = NO;
				MTL_FAST_MATH = YES;
				PRODUCT_NAME = "$(TARGET_NAME)";
				PROVISIONING_PROFILE_SPECIFIER = "";
				SKIP_INSTALL = YES;
			};
			name = Release;
		};
		3FC0FED9284E8C78007AC590 /* Debug */ = {
			isa = XCBuildConfiguration;
			buildSettings = {
				ALTERNATE_GROUP = "$(INSTALL_GROUP)";
				ALTERNATE_MODE = "$(INSTALL_MODE_FLAG)";
				ALTERNATE_OWNER = "$(INSTALL_OWNER)";
				ALWAYS_SEARCH_USER_PATHS = NO;
				CLANG_ANALYZER_NONNULL = YES;
				CLANG_ANALYZER_NUMBER_OBJECT_CONVERSION = YES_AGGRESSIVE;
				CLANG_CXX_LANGUAGE_STANDARD = "gnu++17";
				CLANG_ENABLE_MODULES = YES;
				CLANG_ENABLE_OBJC_ARC = YES;
				CLANG_ENABLE_OBJC_WEAK = YES;
				CLANG_WARN_DIRECT_OBJC_ISA_USAGE = YES_ERROR;
				CLANG_WARN_DOCUMENTATION_COMMENTS = YES;
				CLANG_WARN_OBJC_ROOT_CLASS = YES_ERROR;
				CLANG_WARN_UNGUARDED_AVAILABILITY = YES_AGGRESSIVE;
				CODE_SIGN_STYLE = Manual;
				COMBINE_HIDPI_IMAGES = YES;
				COPY_PHASE_STRIP = NO;
				DEBUG_INFORMATION_FORMAT = dwarf;
				DEVELOPMENT_TEAM = 8V953UDD5Q;
				DRIVERKIT_DEPLOYMENT_TARGET = 21.4;
				GCC_C_LANGUAGE_STANDARD = gnu11;
				GCC_DYNAMIC_NO_PIC = NO;
				GCC_PREPROCESSOR_DEFINITIONS = (
					"DEBUG=1",
					"$(inherited)",
				);
				GCC_WARN_ABOUT_RETURN_TYPE = YES_ERROR;
				GCC_WARN_UNINITIALIZED_AUTOS = YES_AGGRESSIVE;
				GENERATE_INFOPLIST_FILE = YES;
				INFOPLIST_KEY_NSHumanReadableCopyright = "Copyright © 2022 Simone Karin Lehmann. All rights reserved.";
				INFOPLIST_KEY_NSPrincipalClass = "";
				INSTALL_GROUP = "$(GROUP)";
				INSTALL_MODE_FLAG = "u+w,go-w,a+rX";
				INSTALL_OWNER = "$(USER)";
				MACOSX_DEPLOYMENT_TARGET = 10.9;
				MARKETING_VERSION = 1.3;
				MTL_ENABLE_DEBUG_INFO = INCLUDE_SOURCE;
				MTL_FAST_MATH = YES;
				PRODUCT_BUNDLE_IDENTIFIER = de.lisanet.PDFwriter;
				PRODUCT_NAME = pdfwriter;
				PROVISIONING_PROFILE_SPECIFIER = "";
				SKIP_INSTALL = YES;
				SWIFT_EMIT_LOC_STRINGS = YES;
				WRAPPER_EXTENSION = bundle;
			};
			name = Debug;
		};
		3FC0FEDA284E8C78007AC590 /* Release */ = {
			isa = XCBuildConfiguration;
			buildSettings = {
				ALTERNATE_GROUP = "$(INSTALL_GROUP)";
				ALTERNATE_MODE = "$(INSTALL_MODE_FLAG)";
				ALTERNATE_OWNER = "$(INSTALL_OWNER)";
				ALWAYS_SEARCH_USER_PATHS = NO;
				CLANG_ANALYZER_NONNULL = YES;
				CLANG_ANALYZER_NUMBER_OBJECT_CONVERSION = YES_AGGRESSIVE;
				CLANG_CXX_LANGUAGE_STANDARD = "gnu++17";
				CLANG_ENABLE_MODULES = YES;
				CLANG_ENABLE_OBJC_ARC = YES;
				CLANG_ENABLE_OBJC_WEAK = YES;
				CLANG_WARN_DIRECT_OBJC_ISA_USAGE = YES_ERROR;
				CLANG_WARN_DOCUMENTATION_COMMENTS = YES;
				CLANG_WARN_OBJC_ROOT_CLASS = YES_ERROR;
				CLANG_WARN_UNGUARDED_AVAILABILITY = YES_AGGRESSIVE;
				CODE_SIGN_STYLE = Manual;
				COMBINE_HIDPI_IMAGES = YES;
				COPY_PHASE_STRIP = NO;
				DEBUG_INFORMATION_FORMAT = "dwarf-with-dsym";
				DEVELOPMENT_TEAM = 8V953UDD5Q;
				DRIVERKIT_DEPLOYMENT_TARGET = 21.4;
				ENABLE_NS_ASSERTIONS = NO;
				GCC_C_LANGUAGE_STANDARD = gnu11;
				GCC_WARN_ABOUT_RETURN_TYPE = YES_ERROR;
				GCC_WARN_UNINITIALIZED_AUTOS = YES_AGGRESSIVE;
				GENERATE_INFOPLIST_FILE = YES;
				INFOPLIST_KEY_NSHumanReadableCopyright = "Copyright © 2022 Simone Karin Lehmann. All rights reserved.";
				INFOPLIST_KEY_NSPrincipalClass = "";
				INSTALL_GROUP = "$(GROUP)";
				INSTALL_MODE_FLAG = "u+w,go-w,a+rX";
				INSTALL_OWNER = "$(USER)";
				MACOSX_DEPLOYMENT_TARGET = 10.9;
				MARKETING_VERSION = 1.3;
				MTL_ENABLE_DEBUG_INFO = NO;
				MTL_FAST_MATH = YES;
				PRODUCT_BUNDLE_IDENTIFIER = de.lisanet.PDFwriter;
				PRODUCT_NAME = pdfwriter;
				PROVISIONING_PROFILE_SPECIFIER = "";
				SKIP_INSTALL = YES;
				SWIFT_EMIT_LOC_STRINGS = YES;
				WRAPPER_EXTENSION = bundle;
			};
			name = Release;
		};
/* End XCBuildConfiguration section */

/* Begin XCConfigurationList section */
		1DEB928908733DD80010E9CD /* Build configuration list for PBXProject "pdfwriter" */ = {
			isa = XCConfigurationList;
			buildConfigurations = (
				1DEB928A08733DD80010E9CD /* Debug */,
				1DEB928B08733DD80010E9CD /* Release */,
			);
			defaultConfigurationIsVisible = 0;
			defaultConfigurationName = Release;
		};
		3FA32475284FF9CB00BDF5A2 /* Build configuration list for PBXAggregateTarget "Staple dmg" */ = {
			isa = XCConfigurationList;
			buildConfigurations = (
				3FA32473284FF9CB00BDF5A2 /* Debug */,
				3FA32474284FF9CB00BDF5A2 /* Release */,
			);
			defaultConfigurationIsVisible = 0;
			defaultConfigurationName = Release;
		};
		3FA3247D285002AD00BDF5A2 /* Build configuration list for PBXAggregateTarget "Notarize dmg" */ = {
			isa = XCConfigurationList;
			buildConfigurations = (
				3FA3247E285002AD00BDF5A2 /* Debug */,
				3FA3247F285002AD00BDF5A2 /* Release */,
			);
			defaultConfigurationIsVisible = 0;
			defaultConfigurationName = Release;
		};
		3FC0FEC7284E8AF6007AC590 /* Build configuration list for PBXNativeTarget "pdfwriter" */ = {
			isa = XCConfigurationList;
			buildConfigurations = (
				3FC0FEC8284E8AF6007AC590 /* Debug */,
				3FC0FEC9284E8AF6007AC590 /* Release */,
			);
			defaultConfigurationIsVisible = 0;
			defaultConfigurationName = Release;
		};
		3FC0FED8284E8C78007AC590 /* Build configuration list for PBXNativeTarget "Build dmg" */ = {
			isa = XCConfigurationList;
			buildConfigurations = (
				3FC0FED9284E8C78007AC590 /* Debug */,
				3FC0FEDA284E8C78007AC590 /* Release */,
			);
			defaultConfigurationIsVisible = 0;
			defaultConfigurationName = Release;
		};
/* End XCConfigurationList section */
	};
	rootObject = 08FB7793FE84155DC02AAC07 /* Project object */;
}
